dependencies:
- name: cert-manager
  repository: https://charts.jetstack.io
  version: v1.16.1
- name: kube-prometheus-stack
  repository: https://prometheus-community.github.io/helm-charts
  version: 65.8.1
- name: mariadb-operator
  repository: https://mariadb-operator.github.io/mariadb-operator
  version: 0.20.0
- name: cloudnative-pg
  repository: https://cloudnative-pg.io/charts/
  version: 0.19.1
- name: minio
  repository: https://charts.min.io/
  version: 5.3.0
digest: sha256:3b876c8e80dda10deec4b42d24d90e644068ccead8b4898041e13b89719b4141
generated: "2024-11-06T11:34:18.13937871Z"
