dependencies:
- name: cert-manager
  repository: https://charts.jetstack.io
  version: v1.14.2
- name: kube-prometheus-stack
  repository: https://prometheus-community.github.io/helm-charts
  version: 56.12.0
- name: mariadb-operator
  repository: https://mariadb-operator.github.io/mariadb-operator
  version: 0.20.0
- name: cloudnative-pg
  repository: https://cloudnative-pg.io/charts/
  version: 0.19.1
- name: minio
  repository: https://charts.min.io/
  version: 5.2.0
digest: sha256:7fd17e32d5fb1156ee01c2e754ac176d6feae12e4575a170e3e0e6f0ff965c0c
generated: "2024-04-28T12:52:45.889125428Z"
