dependencies:
- name: cert-manager
  repository: https://charts.jetstack.io
  version: v1.14.1
- name: kube-prometheus-stack
  repository: https://prometheus-community.github.io/helm-charts
  version: 55.11.0
- name: mariadb-operator
  repository: https://mariadb-operator.github.io/mariadb-operator
  version: 0.20.0
- name: cloudnative-pg
  repository: https://cloudnative-pg.io/charts/
  version: 0.19.1
- name: minio
  repository: https://charts.min.io/
  version: 5.0.15
digest: sha256:510df09591e2bf19bba0557fe9b53fb2bb387cc398755130748996992bb7c6b4
generated: "2024-02-05T18:30:09.144838512Z"
